
Microsoft Visual Studio Solution File, Format Version 12.00
# Visual Studio 15
VisualStudioVersion = 15.0.28307.329
MinimumVisualStudioVersion = 10.0.40219.1
Project("{FAE04EC0-301F-11D3-BF4B-00C04F79EFBC}") = "Image_DOF", "Image_DOF\Image_DOF.csproj", "{E8C868DE-F24D-4605-9461-65E75317D8A2}"
EndProject
Global
	GlobalSection(SolutionConfigurationPlatforms) = preSolution
		Debug|Any CPU = Debug|Any CPU
		Release|Any CPU = Release|Any CPU
	EndGlobalSection
	GlobalSection(ProjectConfigurationPlatforms) = postSolution
		{E8C868DE-F24D-4605-9461-65E75317D8A2}.Debug|Any CPU.ActiveCfg = Debug|Any CPU
		{E8C868DE-F24D-4605-9461-65E75317D8A2}.Debug|Any CPU.Build.0 = Debug|Any CPU
		{E8C868DE-F24D-4605-9461-65E75317D8A2}.Release|Any CPU.ActiveCfg = Release|Any CPU
		{E8C868DE-F24D-4605-9461-65E75317D8A2}.Release|Any CPU.Build.0 = Release|Any CPU
	EndGlobalSection
	GlobalSection(SolutionProperties) = preSolution
		HideSolutionNode = FALSE
	EndGlobalSection
	GlobalSection(ExtensibilityGlobals) = postSolution
		SolutionGuid = {1406C263-0392-40DF-B9EF-F72743A65909}
	EndGlobalSection
EndGlobal
